
Microsoft Visual Studio Solution File, Format Version 12.00
# Visual Studio Version 17
VisualStudioVersion = 17.9.34728.123
MinimumVisualStudioVersion = 10.0.40219.1
Project("{FAE04EC0-301F-11D3-BF4B-00C04F79EFBC}") = "FINALS", "FINALS\FINALS.csproj", "{A8250C5C-187B-4B9E-BB4A-1986ED8B6580}"
EndProject
Global
	GlobalSection(SolutionConfigurationPlatforms) = preSolution
		Debug|Any CPU = Debug|Any CPU
		Release|Any CPU = Release|Any CPU
	EndGlobalSection
	GlobalSection(ProjectConfigurationPlatforms) = postSolution
		{A8250C5C-187B-4B9E-BB4A-1986ED8B6580}.Debug|Any CPU.ActiveCfg = Debug|Any CPU
		{A8250C5C-187B-4B9E-BB4A-1986ED8B6580}.Debug|Any CPU.Build.0 = Debug|Any CPU
		{A8250C5C-187B-4B9E-BB4A-1986ED8B6580}.Release|Any CPU.ActiveCfg = Release|Any CPU
		{A8250C5C-187B-4B9E-BB4A-1986ED8B6580}.Release|Any CPU.Build.0 = Release|Any CPU
	EndGlobalSection
	GlobalSection(SolutionProperties) = preSolution
		HideSolutionNode = FALSE
	EndGlobalSection
	GlobalSection(ExtensibilityGlobals) = postSolution
		SolutionGuid = {7055436A-6113-4A46-95D1-BA257119EA0B}
	EndGlobalSection
EndGlobal
